// !$*UTF8*$!
{
	archiveVersion = 1;
	classes = {
	};
	objectVersion = 50;
	objects = {

/* Begin PBXBuildFile section */
		060EC279234EBA300021CD4B /* TopTableViewCell.swift in Sources */ = {isa = PBXBuildFile; fileRef = 060EC278234EBA300021CD4B /* TopTableViewCell.swift */; };
		060EC27B234EBA420021CD4B /* BottomTableViewCell.swift in Sources */ = {isa = PBXBuildFile; fileRef = 060EC27A234EBA420021CD4B /* BottomTableViewCell.swift */; };
		06CE2911234D471600B59C4E /* AppDelegate.swift in Sources */ = {isa = PBXBuildFile; fileRef = 06CE2910234D471600B59C4E /* AppDelegate.swift */; };
		06CE2913234D471600B59C4E /* SceneDelegate.swift in Sources */ = {isa = PBXBuildFile; fileRef = 06CE2912234D471600B59C4E /* SceneDelegate.swift */; };
		06CE2915234D471600B59C4E /* ViewController.swift in Sources */ = {isa = PBXBuildFile; fileRef = 06CE2914234D471600B59C4E /* ViewController.swift */; };
		06CE2918234D471600B59C4E /* Main.storyboard in Resources */ = {isa = PBXBuildFile; fileRef = 06CE2916234D471600B59C4E /* Main.storyboard */; };
		06CE291A234D471600B59C4E /* Assets.xcassets in Resources */ = {isa = PBXBuildFile; fileRef = 06CE2919234D471600B59C4E /* Assets.xcassets */; };
		06CE291D234D471600B59C4E /* LaunchScreen.storyboard in Resources */ = {isa = PBXBuildFile; fileRef = 06CE291B234D471600B59C4E /* LaunchScreen.storyboard */; };
		06CE2925234D4C2600B59C4E /* Animal.swift in Sources */ = {isa = PBXBuildFile; fileRef = 06CE2924234D4C2600B59C4E /* Animal.swift */; };
		06CE2929234D563200B59C4E /* AnimalsTableViewController.swift in Sources */ = {isa = PBXBuildFile; fileRef = 06CE2928234D563200B59C4E /* AnimalsTableViewController.swift */; };
		8A36B718234E9DC7008496EE /* AnimalList.plist in Resources */ = {isa = PBXBuildFile; fileRef = 8A36B717234E9DC7008496EE /* AnimalList.plist */; };
/* End PBXBuildFile section */

/* Begin PBXFileReference section */
		060EC278234EBA300021CD4B /* TopTableViewCell.swift */ = {isa = PBXFileReference; lastKnownFileType = sourcecode.swift; path = TopTableViewCell.swift; sourceTree = "<group>"; };
		060EC27A234EBA420021CD4B /* BottomTableViewCell.swift */ = {isa = PBXFileReference; lastKnownFileType = sourcecode.swift; path = BottomTableViewCell.swift; sourceTree = "<group>"; };
		06CE290D234D471600B59C4E /* group6_assignment5.app */ = {isa = PBXFileReference; explicitFileType = wrapper.application; includeInIndex = 0; path = group6_assignment5.app; sourceTree = BUILT_PRODUCTS_DIR; };
		06CE2910234D471600B59C4E /* AppDelegate.swift */ = {isa = PBXFileReference; lastKnownFileType = sourcecode.swift; path = AppDelegate.swift; sourceTree = "<group>"; };
		06CE2912234D471600B59C4E /* SceneDelegate.swift */ = {isa = PBXFileReference; lastKnownFileType = sourcecode.swift; path = SceneDelegate.swift; sourceTree = "<group>"; };
		06CE2914234D471600B59C4E /* ViewController.swift */ = {isa = PBXFileReference; lastKnownFileType = sourcecode.swift; path = ViewController.swift; sourceTree = "<group>"; };
		06CE2917234D471600B59C4E /* Base */ = {isa = PBXFileReference; lastKnownFileType = file.storyboard; name = Base; path = Base.lproj/Main.storyboard; sourceTree = "<group>"; };
		06CE2919234D471600B59C4E /* Assets.xcassets */ = {isa = PBXFileReference; lastKnownFileType = folder.assetcatalog; path = Assets.xcassets; sourceTree = "<group>"; };
		06CE291C234D471600B59C4E /* Base */ = {isa = PBXFileReference; lastKnownFileType = file.storyboard; name = Base; path = Base.lproj/LaunchScreen.storyboard; sourceTree = "<group>"; };
		06CE291E234D471600B59C4E /* Info.plist */ = {isa = PBXFileReference; lastKnownFileType = text.plist.xml; path = Info.plist; sourceTree = "<group>"; };
		06CE2924234D4C2600B59C4E /* Animal.swift */ = {isa = PBXFileReference; lastKnownFileType = sourcecode.swift; path = Animal.swift; sourceTree = "<group>"; };
		06CE2928234D563200B59C4E /* AnimalsTableViewController.swift */ = {isa = PBXFileReference; lastKnownFileType = sourcecode.swift; path = AnimalsTableViewController.swift; sourceTree = "<group>"; };
		8A36B717234E9DC7008496EE /* AnimalList.plist */ = {isa = PBXFileReference; lastKnownFileType = text.plist.xml; path = AnimalList.plist; sourceTree = "<group>"; };
/* End PBXFileReference section */

/* Begin PBXFrameworksBuildPhase section */
		06CE290A234D471600B59C4E /* Frameworks */ = {
			isa = PBXFrameworksBuildPhase;
			buildActionMask = 2147483647;
			files = (
			);
			runOnlyForDeploymentPostprocessing = 0;
		};
/* End PBXFrameworksBuildPhase section */

/* Begin PBXGroup section */
		06CE2904234D471600B59C4E = {
			isa = PBXGroup;
			children = (
				06CE290F234D471600B59C4E /* group6_assignment5 */,
				06CE290E234D471600B59C4E /* Products */,
			);
			sourceTree = "<group>";
		};
		06CE290E234D471600B59C4E /* Products */ = {
			isa = PBXGroup;
			children = (
				06CE290D234D471600B59C4E /* group6_assignment5.app */,
			);
			name = Products;
			sourceTree = "<group>";
		};
		06CE290F234D471600B59C4E /* group6_assignment5 */ = {
			isa = PBXGroup;
			children = (
				06CE2910234D471600B59C4E /* AppDelegate.swift */,
				06CE2912234D471600B59C4E /* SceneDelegate.swift */,
				06CE2914234D471600B59C4E /* ViewController.swift */,
				06CE2916234D471600B59C4E /* Main.storyboard */,
				060EC278234EBA300021CD4B /* TopTableViewCell.swift */,
				060EC27A234EBA420021CD4B /* BottomTableViewCell.swift */,
				06CE2928234D563200B59C4E /* AnimalsTableViewController.swift */,
				06CE2924234D4C2600B59C4E /* Animal.swift */,
				06CE2919234D471600B59C4E /* Assets.xcassets */,
				06CE291B234D471600B59C4E /* LaunchScreen.storyboard */,
				8A36B717234E9DC7008496EE /* AnimalList.plist */,
				06CE291E234D471600B59C4E /* Info.plist */,
			);
			path = group6_assignment5;
			sourceTree = "<group>";
		};
/* End PBXGroup section */

/* Begin PBXNativeTarget section */
		06CE290C234D471600B59C4E /* group6_assignment5 */ = {
			isa = PBXNativeTarget;
			buildConfigurationList = 06CE2921234D471600B59C4E /* Build configuration list for PBXNativeTarget "group6_assignment5" */;
			buildPhases = (
				06CE2909234D471600B59C4E /* Sources */,
				06CE290A234D471600B59C4E /* Frameworks */,
				06CE290B234D471600B59C4E /* Resources */,
			);
			buildRules = (
			);
			dependencies = (
			);
			name = group6_assignment5;
			productName = group6_assignment5;
			productReference = 06CE290D234D471600B59C4E /* group6_assignment5.app */;
			productType = "com.apple.product-type.application";
		};
/* End PBXNativeTarget section */

/* Begin PBXProject section */
		06CE2905234D471600B59C4E /* Project object */ = {
			isa = PBXProject;
			attributes = {
				LastSwiftUpdateCheck = 1100;
				LastUpgradeCheck = 1100;
				ORGANIZATIONNAME = "Denis Bowen";
				TargetAttributes = {
					06CE290C234D471600B59C4E = {
						CreatedOnToolsVersion = 11.0;
					};
				};
			};
			buildConfigurationList = 06CE2908234D471600B59C4E /* Build configuration list for PBXProject "group6_assignment5" */;
			compatibilityVersion = "Xcode 9.3";
			developmentRegion = en;
			hasScannedForEncodings = 0;
			knownRegions = (
				en,
				Base,
			);
			mainGroup = 06CE2904234D471600B59C4E;
			productRefGroup = 06CE290E234D471600B59C4E /* Products */;
			projectDirPath = "";
			projectRoot = "";
			targets = (
				06CE290C234D471600B59C4E /* group6_assignment5 */,
			);
		};
/* End PBXProject section */

/* Begin PBXResourcesBuildPhase section */
		06CE290B234D471600B59C4E /* Resources */ = {
			isa = PBXResourcesBuildPhase;
			buildActionMask = 2147483647;
			files = (
				8A36B718234E9DC7008496EE /* AnimalList.plist in Resources */,
				06CE291D234D471600B59C4E /* LaunchScreen.storyboard in Resources */,
				06CE291A234D471600B59C4E /* Assets.xcassets in Resources */,
				06CE2918234D471600B59C4E /* Main.storyboard in Resources */,
			);
			runOnlyForDeploymentPostprocessing = 0;
		};
/* End PBXResourcesBuildPhase section */

/* Begin PBXSourcesBuildPhase section */
		06CE2909234D471600B59C4E /* Sources */ = {
			isa = PBXSourcesBuildPhase;
			buildActionMask = 2147483647;
			files = (
				06CE2915234D471600B59C4E /* ViewController.swift in Sources */,
				06CE2929234D563200B59C4E /* AnimalsTableViewController.swift in Sources */,
				060EC27B234EBA420021CD4B /* BottomTableViewCell.swift in Sources */,
				06CE2925234D4C2600B59C4E /* Animal.swift in Sources */,
				06CE2911234D471600B59C4E /* AppDelegate.swift in Sources */,
				06CE2913234D471600B59C4E /* SceneDelegate.swift in Sources */,
				060EC279234EBA300021CD4B /* TopTableViewCell.swift in Sources */,
			);
			runOnlyForDeploymentPostprocessing = 0;
		};
/* End PBXSourcesBuildPhase section */

/* Begin PBXVariantGroup section */
		06CE2916234D471600B59C4E /* Main.storyboard */ = {
			isa = PBXVariantGroup;
			children = (
				06CE2917234D471600B59C4E /* Base */,
			);
			name = Main.storyboard;
			sourceTree = "<group>";
		};
		06CE291B234D471600B59C4E /* LaunchScreen.storyboard */ = {
			isa = PBXVariantGroup;
			children = (
				06CE291C234D471600B59C4E /* Base */,
			);
			name = LaunchScreen.storyboard;
			sourceTree = "<group>";
		};
/* End PBXVariantGroup section */

/* Begin XCBuildConfiguration section */
		06CE291F234D471600B59C4E /* Debug */ = {
			isa = XCBuildConfiguration;
			buildSettings = {
				ALWAYS_SEARCH_USER_PATHS = NO;
				CLANG_ANALYZER_NONNULL = YES;
				CLANG_ANALYZER_NUMBER_OBJECT_CONVERSION = YES_AGGRESSIVE;
				CLANG_CXX_LANGUAGE_STANDARD = "gnu++14";
				CLANG_CXX_LIBRARY = "libc++";
				CLANG_ENABLE_MODULES = YES;
				CLANG_ENABLE_OBJC_ARC = YES;
				CLANG_ENABLE_OBJC_WEAK = YES;
				CLANG_WARN_BLOCK_CAPTURE_AUTORELEASING = YES;
				CLANG_WARN_BOOL_CONVERSION = YES;
				CLANG_WARN_COMMA = YES;
				CLANG_WARN_CONSTANT_CONVERSION = YES;
				CLANG_WARN_DEPRECATED_OBJC_IMPLEMENTATIONS = YES;
				CLANG_WARN_DIRECT_OBJC_ISA_USAGE = YES_ERROR;
				CLANG_WARN_DOCUMENTATION_COMMENTS = YES;
				CLANG_WARN_EMPTY_BODY = YES;
				CLANG_WARN_ENUM_CONVERSION = YES;
				CLANG_WARN_INFINITE_RECURSION = YES;
				CLANG_WARN_INT_CONVERSION = YES;
				CLANG_WARN_NON_LITERAL_NULL_CONVERSION = YES;
				CLANG_WARN_OBJC_IMPLICIT_RETAIN_SELF = YES;
				CLANG_WARN_OBJC_LITERAL_CONVERSION = YES;
				CLANG_WARN_OBJC_ROOT_CLASS = YES_ERROR;
				CLANG_WARN_RANGE_LOOP_ANALYSIS = YES;
				CLANG_WARN_STRICT_PROTOTYPES = YES;
				CLANG_WARN_SUSPICIOUS_MOVE = YES;
				CLANG_WARN_UNGUARDED_AVAILABILITY = YES_AGGRESSIVE;
				CLANG_WARN_UNREACHABLE_CODE = YES;
				CLANG_WARN__DUPLICATE_METHOD_MATCH = YES;
				COPY_PHASE_STRIP = NO;
				DEBUG_INFORMATION_FORMAT = dwarf;
				ENABLE_STRICT_OBJC_MSGSEND = YES;
				ENABLE_TESTABILITY = YES;
				GCC_C_LANGUAGE_STANDARD = gnu11;
				GCC_DYNAMIC_NO_PIC = NO;
				GCC_NO_COMMON_BLOCKS = YES;
				GCC_OPTIMIZATION_LEVEL = 0;
				GCC_PREPROCESSOR_DEFINITIONS = (
					"DEBUG=1",
					"$(inherited)",
				);
				GCC_WARN_64_TO_32_BIT_CONVERSION = YES;
				GCC_WARN_ABOUT_RETURN_TYPE = YES_ERROR;
				GCC_WARN_UNDECLARED_SELECTOR = YES;
				GCC_WARN_UNINITIALIZED_AUTOS = YES_AGGRESSIVE;
				GCC_WARN_UNUSED_FUNCTION = YES;
				GCC_WARN_UNUSED_VARIABLE = YES;
				IPHONEOS_DEPLOYMENT_TARGET = 13.0;
				MTL_ENABLE_DEBUG_INFO = INCLUDE_SOURCE;
				MTL_FAST_MATH = YES;
				ONLY_ACTIVE_ARCH = YES;
				SDKROOT = iphoneos;
				SWIFT_ACTIVE_COMPILATION_CONDITIONS = DEBUG;
				SWIFT_OPTIMIZATION_LEVEL = "-Onone";
			};
			name = Debug;
		};
		06CE2920234D471600B59C4E /* Release */ = {
			isa = XCBuildConfiguration;
			buildSettings = {
				ALWAYS_SEARCH_USER_PATHS = NO;
				CLANG_ANALYZER_NONNULL = YES;
				CLANG_ANALYZER_NUMBER_OBJECT_CONVERSION = YES_AGGRESSIVE;
				CLANG_CXX_LANGUAGE_STANDARD = "gnu++14";
				CLANG_CXX_LIBRARY = "libc++";
				CLANG_ENABLE_MODULES = YES;
				CLANG_ENABLE_OBJC_ARC = YES;
				CLANG_ENABLE_OBJC_WEAK = YES;
				CLANG_WARN_BLOCK_CAPTURE_AUTORELEASING = YES;
				CLANG_WARN_BOOL_CONVERSION = YES;
				CLANG_WARN_COMMA = YES;
				CLANG_WARN_CONSTANT_CONVERSION = YES;
				CLANG_WARN_DEPRECATED_OBJC_IMPLEMENTATIONS = YES;
				CLANG_WARN_DIRECT_OBJC_ISA_USAGE = YES_ERROR;
				CLANG_WARN_DOCUMENTATION_COMMENTS = YES;
				CLANG_WARN_EMPTY_BODY = YES;
				CLANG_WARN_ENUM_CONVERSION = YES;
				CLANG_WARN_INFINITE_RECURSION = YES;
				CLANG_WARN_INT_CONVERSION = YES;
				CLANG_WARN_NON_LITERAL_NULL_CONVERSION = YES;
				CLANG_WARN_OBJC_IMPLICIT_RETAIN_SELF = YES;
				CLANG_WARN_OBJC_LITERAL_CONVERSION = YES;
				CLANG_WARN_OBJC_ROOT_CLASS = YES_ERROR;
				CLANG_WARN_RANGE_LOOP_ANALYSIS = YES;
				CLANG_WARN_STRICT_PROTOTYPES = YES;
				CLANG_WARN_SUSPICIOUS_MOVE = YES;
				CLANG_WARN_UNGUARDED_AVAILABILITY = YES_AGGRESSIVE;
				CLANG_WARN_UNREACHABLE_CODE = YES;
				CLANG_WARN__DUPLICATE_METHOD_MATCH = YES;
				COPY_PHASE_STRIP = NO;
				DEBUG_INFORMATION_FORMAT = "dwarf-with-dsym";
				ENABLE_NS_ASSERTIONS = NO;
				ENABLE_STRICT_OBJC_MSGSEND = YES;
				GCC_C_LANGUAGE_STANDARD = gnu11;
				GCC_NO_COMMON_BLOCKS = YES;
				GCC_WARN_64_TO_32_BIT_CONVERSION = YES;
				GCC_WARN_ABOUT_RETURN_TYPE = YES_ERROR;
				GCC_WARN_UNDECLARED_SELECTOR = YES;
				GCC_WARN_UNINITIALIZED_AUTOS = YES_AGGRESSIVE;
				GCC_WARN_UNUSED_FUNCTION = YES;
				GCC_WARN_UNUSED_VARIABLE = YES;
				IPHONEOS_DEPLOYMENT_TARGET = 13.0;
				MTL_ENABLE_DEBUG_INFO = NO;
				MTL_FAST_MATH = YES;
				SDKROOT = iphoneos;
				SWIFT_COMPILATION_MODE = wholemodule;
				SWIFT_OPTIMIZATION_LEVEL = "-O";
				VALIDATE_PRODUCT = YES;
			};
			name = Release;
		};
		06CE2922234D471600B59C4E /* Debug */ = {
			isa = XCBuildConfiguration;
			buildSettings = {
				ASSETCATALOG_COMPILER_APPICON_NAME = AppIcon;
				CODE_SIGN_STYLE = Automatic;
				DEVELOPMENT_TEAM = UXAD5RVBN5;
				INFOPLIST_FILE = group6_assignment5/Info.plist;
				LD_RUNPATH_SEARCH_PATHS = (
					"$(inherited)",
					"@executable_path/Frameworks",
				);
				PRODUCT_BUNDLE_IDENTIFIER = "cs329e.group6-assignment5";
				PRODUCT_NAME = "$(TARGET_NAME)";
				SWIFT_VERSION = 5.0;
				TARGETED_DEVICE_FAMILY = "1,2";
			};
			name = Debug;
		};
		06CE2923234D471600B59C4E /* Release */ = {
			isa = XCBuildConfiguration;
			buildSettings = {
				ASSETCATALOG_COMPILER_APPICON_NAME = AppIcon;
				CODE_SIGN_STYLE = Automatic;
				DEVELOPMENT_TEAM = UXAD5RVBN5;
				INFOPLIST_FILE = group6_assignment5/Info.plist;
				LD_RUNPATH_SEARCH_PATHS = (
					"$(inherited)",
					"@executable_path/Frameworks",
				);
				PRODUCT_BUNDLE_IDENTIFIER = "cs329e.group6-assignment5";
				PRODUCT_NAME = "$(TARGET_NAME)";
				SWIFT_VERSION = 5.0;
				TARGETED_DEVICE_FAMILY = "1,2";
			};
			name = Release;
		};
/* End XCBuildConfiguration section */

/* Begin XCConfigurationList section */
		06CE2908234D471600B59C4E /* Build configuration list for PBXProject "group6_assignment5" */ = {
			isa = XCConfigurationList;
			buildConfigurations = (
				06CE291F234D471600B59C4E /* Debug */,
				06CE2920234D471600B59C4E /* Release */,
			);
			defaultConfigurationIsVisible = 0;
			defaultConfigurationName = Release;
		};
		06CE2921234D471600B59C4E /* Build configuration list for PBXNativeTarget "group6_assignment5" */ = {
			isa = XCConfigurationList;
			buildConfigurations = (
				06CE2922234D471600B59C4E /* Debug */,
				06CE2923234D471600B59C4E /* Release */,
			);
			defaultConfigurationIsVisible = 0;
			defaultConfigurationName = Release;
		};
/* End XCConfigurationList section */
	};
	rootObject = 06CE2905234D471600B59C4E /* Project object */;
}
